// !$*UTF8*$!
{
	archiveVersion = 1;
	classes = {
	};
	objectVersion = 63;
	objects = {

/* Begin PBXBuildFile section */
		004FF0BAA29C0FF933E7A86B /* WindowRouter.swift in Sources */ = {isa = PBXBuildFile; fileRef = B0C69A0C58227D3D4FB2CC18 /* WindowRouter.swift */; };
		00B40F12641EE987B706BF63 /* StartView.swift in Sources */ = {isa = PBXBuildFile; fileRef = A91C9F425B885EA43BE8DAC1 /* StartView.swift */; };
		06EB17BADC52E5813A0F885A /* ChatInputValidatorTests.swift in Sources */ = {isa = PBXBuildFile; fileRef = 14F5BBE08BE9405E790F4490 /* ChatInputValidatorTests.swift */; };
		0ABD92E59DF07334C5E9901D /* AppError.swift in Sources */ = {isa = PBXBuildFile; fileRef = 46778E27037908E1D84C4D2A /* AppError.swift */; };
		0BEA5CA3C28DF79C38788886 /* SectionResolver.swift in Sources */ = {isa = PBXBuildFile; fileRef = 587E8CF1BFF12ECB2250C093 /* SectionResolver.swift */; };
		0D532C5F96E9B29ADEEEB8D0 /* WelcomeManager.swift in Sources */ = {isa = PBXBuildFile; fileRef = 70857F60DB5FFA670F7BD668 /* WelcomeManager.swift */; };
		0D99A0719243D20B0FB757A7 /* BrowserOpenRequest.swift in Sources */ = {isa = PBXBuildFile; fileRef = 03F7CDD30F6CDC0ADA956A5B /* BrowserOpenRequest.swift */; };
		0F1C4D04AB5A1046DAF29A40 /* ErrorBanner.swift in Sources */ = {isa = PBXBuildFile; fileRef = B5582C99D27644F5CB3FC69C /* ErrorBanner.swift */; };
		0FEE8D10A0AF6AAFDA96AE70 /* InteractiveSheets.swift in Sources */ = {isa = PBXBuildFile; fileRef = CC14D25CA094240EE829B6F5 /* InteractiveSheets.swift */; };
		138EEF3A322A4B697E0B9B81 /* NativeControlView.swift in Sources */ = {isa = PBXBuildFile; fileRef = 4BB366CDF5A0A05D22BC097E /* NativeControlView.swift */; };
		14727620D16FBFC8B5C647EB /* BrowserWindowRoot.swift in Sources */ = {isa = PBXBuildFile; fileRef = 52C05C0F5E8774AFACA0B845 /* BrowserWindowRoot.swift */; };
		16B47F39F1BDFEAEFE2147A1 /* SettingsRepository.swift in Sources */ = {isa = PBXBuildFile; fileRef = 252922C4505069106598EE0D /* SettingsRepository.swift */; };
		18F202BA199A8D7D3942A919 /* FileMetadataRepository.swift in Sources */ = {isa = PBXBuildFile; fileRef = DE3156F3B44B796A50CE6E86 /* FileMetadataRepository.swift */; };
		18FEB839CF2649D61319C8BD /* ChatConfigurationTests.swift in Sources */ = {isa = PBXBuildFile; fileRef = A300DC785AC259093AC0BC7F /* ChatConfigurationTests.swift */; };
		1DD4D283BD30530373CF2C76 /* CloudStatusBadge.swift in Sources */ = {isa = PBXBuildFile; fileRef = 5FE1E4DCEFC95D88C4FBFB20 /* CloudStatusBadge.swift */; };
		1E6D0BA08EEC1D429E7C06FB /* TranscriptCondenser.swift in Sources */ = {isa = PBXBuildFile; fileRef = B39B05B1D4284C46E7800BDC /* TranscriptCondenser.swift */; };
		20D3D95ECB8F71F304988033 /* SecurityScopedBookmarkManagerTests.swift in Sources */ = {isa = PBXBuildFile; fileRef = B7F4DE06BADA89CCBBECDA09 /* SecurityScopedBookmarkManagerTests.swift */; };
		250260DF2BCDEC40201E3344 /* FolderItemTests.swift in Sources */ = {isa = PBXBuildFile; fileRef = C33E44D2093F4A4DBA5EFC7A /* FolderItemTests.swift */; };
		2810436BAFA42D385D591A66 /* ChatServiceTests.swift in Sources */ = {isa = PBXBuildFile; fileRef = A6B941E0A21C4AA67313D916 /* ChatServiceTests.swift */; };
		2DAB0CC9F23382160B22A2A9 /* AIMDReaderApp.swift in Sources */ = {isa = PBXBuildFile; fileRef = 11D99AD8354DE6CF1DD21F50 /* AIMDReaderApp.swift */; };
		2E89892698A42DD349CC6E5B /* ACKNOWLEDGMENTS.md in Resources */ = {isa = PBXBuildFile; fileRef = E6C1FBAB4B01432B18DC39AB /* ACKNOWLEDGMENTS.md */; };
		30D8E7A724ECFDE90A355184 /* CoordinatorRegistry.swift in Sources */ = {isa = PBXBuildFile; fileRef = 274A5C0180A575FCC4A276D6 /* CoordinatorRegistry.swift */; };
		323E89C0CE2EFEAB58CFB31A /* MarkdownBlock.swift in Sources */ = {isa = PBXBuildFile; fileRef = 859C467D2920C34EAA1E2D52 /* MarkdownBlock.swift */; };
		32C74908426DC2A7C4DFB553 /* ChatSummaryRepository.swift in Sources */ = {isa = PBXBuildFile; fileRef = 3FA41EFFEF6B2CD1A2380479 /* ChatSummaryRepository.swift */; };
		331A6A9490B0445164AB5E73 /* OutlineFileList.swift in Sources */ = {isa = PBXBuildFile; fileRef = 1C7F0F379C4D229BD0F9A73E /* OutlineFileList.swift */; };
		35E234466CF0ECAD469E243E /* FolderItem.swift in Sources */ = {isa = PBXBuildFile; fileRef = 4483E0EF01008FD6766A84A2 /* FolderItem.swift */; };
		381C73A2A770EC35A6610326 /* RecentFoldersManagerTests.swift in Sources */ = {isa = PBXBuildFile; fileRef = F50BF4CA95002826A8EDCCC0 /* RecentFoldersManagerTests.swift */; };
		385966783D9FFBA74E652751 /* FolderService.swift in Sources */ = {isa = PBXBuildFile; fileRef = B46C2079D5FC942799A84EAC /* FolderService.swift */; };
		39C8B2A377036E941AF5F606 /* ChatToolbarButton.swift in Sources */ = {isa = PBXBuildFile; fileRef = CF18667CC69EF55484FC1DD9 /* ChatToolbarButton.swift */; };
		3A318A0B70B7D58F3321CFF5 /* SectionResolver.swift in Sources */ = {isa = PBXBuildFile; fileRef = 587E8CF1BFF12ECB2250C093 /* SectionResolver.swift */; };
		3AFFE8FA7BD5C3AEAAE4DC11 /* AppErrorTests.swift in Sources */ = {isa = PBXBuildFile; fileRef = F3261B1CA44B78F70E805A0D /* AppErrorTests.swift */; };
		3D2AD8297895A7DE8FE9F242 /* FolderTreeFilter.swift in Sources */ = {isa = PBXBuildFile; fileRef = B1F8EA971E150D300A334B1A /* FolderTreeFilter.swift */; };
		3D5283B99383C6453797F8B0 /* InteractiveSheets.swift in Sources */ = {isa = PBXBuildFile; fileRef = CC14D25CA094240EE829B6F5 /* InteractiveSheets.swift */; };
		413416CE254877428C4E0CAF /* FileMetadataRepository.swift in Sources */ = {isa = PBXBuildFile; fileRef = DE3156F3B44B796A50CE6E86 /* FileMetadataRepository.swift */; };
		43CDFF554DF839BB7391A61E /* QuickSwitcher.swift in Sources */ = {isa = PBXBuildFile; fileRef = 7CE3303CE8C9CDA35E6D110F /* QuickSwitcher.swift */; };
		45B53AED3AEAC66A7A0116C4 /* AppCoordinator.swift in Sources */ = {isa = PBXBuildFile; fileRef = BBDC7CFF3232B2E5530710DA /* AppCoordinator.swift */; };
		47010666C1D50C8C45BE9640 /* FileLoadTriggerTests.swift in Sources */ = {isa = PBXBuildFile; fileRef = 872D8BEA52B0C1733AEB87ED /* FileLoadTriggerTests.swift */; };
		4A73D45553050ECAC95EE82B /* ContentBlockView.swift in Sources */ = {isa = PBXBuildFile; fileRef = 75ED61A593D761BAA481CC3C /* ContentBlockView.swift */; };
		4BF9A7A0BA3655C2545D9F3B /* ChatInputValidator.swift in Sources */ = {isa = PBXBuildFile; fileRef = 5A9D31B799BB143271DD4FAD /* ChatInputValidator.swift */; };
		4CF21C08DF93E1E671C06AED /* WindowRouter.swift in Sources */ = {isa = PBXBuildFile; fileRef = B0C69A0C58227D3D4FB2CC18 /* WindowRouter.swift */; };
		4DA8626140BB9FF1D10CE49A /* QuickSwitcher.swift in Sources */ = {isa = PBXBuildFile; fileRef = 7CE3303CE8C9CDA35E6D110F /* QuickSwitcher.swift */; };
		4E642DD6D89F044023B16D42 /* Prompts.swift in Sources */ = {isa = PBXBuildFile; fileRef = 839C0688D52A506698E0975C /* Prompts.swift */; };
		4F4E052D0DC9E08CD21759BB /* CoordinatorRegistry.swift in Sources */ = {isa = PBXBuildFile; fileRef = 274A5C0180A575FCC4A276D6 /* CoordinatorRegistry.swift */; };
		4FF14DC875CAB3986FAF852B /* FileMetadata.swift in Sources */ = {isa = PBXBuildFile; fileRef = 4CB427C2C971E2329AEDE08A /* FileMetadata.swift */; };
		5071504F32ED8AC59D11CC53 /* GutterOverlayView.swift in Sources */ = {isa = PBXBuildFile; fileRef = 3573E594B8CD544078F9146F /* GutterOverlayView.swift */; };
		5233DF9BEF0D6E01EFCE46F5 /* BrowserWindowRoot.swift in Sources */ = {isa = PBXBuildFile; fileRef = 52C05C0F5E8774AFACA0B845 /* BrowserWindowRoot.swift */; };
		525264861A9912EC8485A9FA /* ChatSummaryRepository.swift in Sources */ = {isa = PBXBuildFile; fileRef = 3FA41EFFEF6B2CD1A2380479 /* ChatSummaryRepository.swift */; };
		539C1232C23D20BB00A4A720 /* ChatTools.swift in Sources */ = {isa = PBXBuildFile; fileRef = D1795882CD06A6A490A665B3 /* ChatTools.swift */; };
		54679F3E248094BE554E5C2A /* AIMDReaderApp.swift in Sources */ = {isa = PBXBuildFile; fileRef = 11D99AD8354DE6CF1DD21F50 /* AIMDReaderApp.swift */; };
		574857AA2B9A1D00D2C562DC /* SelfDescribingElement.swift in Sources */ = {isa = PBXBuildFile; fileRef = 423C10E48871F0F3985B2387 /* SelfDescribingElement.swift */; };
		5756C20F6BBB91CC1274F0E5 /* aimdRenderer in Frameworks */ = {isa = PBXBuildFile; productRef = 6A2853A37D3F0F8DAD6CFCED /* aimdRenderer */; };
		5AD1CF873BF9875C1FE82438 /* MarkdownView.swift in Sources */ = {isa = PBXBuildFile; fileRef = C78C33F2E9C456D069393467 /* MarkdownView.swift */; };
		5B356E557AD91A53CEBEE19B /* ContentBlockView.swift in Sources */ = {isa = PBXBuildFile; fileRef = 75ED61A593D761BAA481CC3C /* ContentBlockView.swift */; };
		5BA9DF83D09F97E29B225BA3 /* SecurityScopedBookmarkManager.swift in Sources */ = {isa = PBXBuildFile; fileRef = BB81EE3FB70820E95B314A5B /* SecurityScopedBookmarkManager.swift */; };
		5E8F147A74554FC7638B7797 /* ChatInputValidator.swift in Sources */ = {isa = PBXBuildFile; fileRef = 5A9D31B799BB143271DD4FAD /* ChatInputValidator.swift */; };
		5EEA1F524D42FA047558CA3A /* Assets.xcassets in Resources */ = {isa = PBXBuildFile; fileRef = 7B6BCC5252188EB88279BA7C /* Assets.xcassets */; };
		5FCF2BF2A4C8281FF09C05DB /* FileWatcherTests.swift in Sources */ = {isa = PBXBuildFile; fileRef = 59C1F8A33998A1805CF52C21 /* FileWatcherTests.swift */; };
		611AB3541FAC22A7CE991F51 /* MarkdownEditorCoordinator.swift in Sources */ = {isa = PBXBuildFile; fileRef = 5BFF79695C856DA747B91FB6 /* MarkdownEditorCoordinator.swift */; };
		62B5FFE154F5ADA35608DCE9 /* FolderServiceLoadingTests.swift in Sources */ = {isa = PBXBuildFile; fileRef = 200C662C39542FD6BFFD4DAF /* FolderServiceLoadingTests.swift */; };
		6401CC6A119F2B4DB6BB0117 /* AppCoordinatorTests.swift in Sources */ = {isa = PBXBuildFile; fileRef = 146DE543C58BA2A081646221 /* AppCoordinatorTests.swift */; };
		6587126CABA5AD583872F9E8 /* SwiftDataMetadataRepository.swift in Sources */ = {isa = PBXBuildFile; fileRef = E127865B25F512D96EE53163 /* SwiftDataMetadataRepository.swift */; };
		66750A088DA1526EF772D74F /* MarkdownTextViewPopovers.swift in Sources */ = {isa = PBXBuildFile; fileRef = 0F7D6B42FE2CAF577653F387 /* MarkdownTextViewPopovers.swift */; };
		68BF9160604CC1DC67C9404F /* SettingsRepository.swift in Sources */ = {isa = PBXBuildFile; fileRef = 252922C4505069106598EE0D /* SettingsRepository.swift */; };
		68E5C6EF670D413DC498772A /* AppError.swift in Sources */ = {isa = PBXBuildFile; fileRef = 46778E27037908E1D84C4D2A /* AppError.swift */; };
		6913DD49075D46FF9FE9E5F0 /* FolderTreeFilterTests.swift in Sources */ = {isa = PBXBuildFile; fileRef = 3C15774EAB6076619F935729 /* FolderTreeFilterTests.swift */; };
		6941285E765445B15C8E7E56 /* Bookmark.swift in Sources */ = {isa = PBXBuildFile; fileRef = 7A294619650B588AAAAAB05F /* Bookmark.swift */; };
		695291D2339662D35551874B /* NativeControlView.swift in Sources */ = {isa = PBXBuildFile; fileRef = 4BB366CDF5A0A05D22BC097E /* NativeControlView.swift */; };
		69A2BC26E5F18FBA8FCB8A57 /* ConflictResolver.swift in Sources */ = {isa = PBXBuildFile; fileRef = 960223408DA03FCD130A9BBA /* ConflictResolver.swift */; };
		6BA0AFFDC6FDE99A4612C99D /* FileMetadata.swift in Sources */ = {isa = PBXBuildFile; fileRef = 4CB427C2C971E2329AEDE08A /* FileMetadata.swift */; };
		6BD77A0C67B1AECB30C25337 /* TestHelpers.swift in Sources */ = {isa = PBXBuildFile; fileRef = 163B0EA3C4C275628DAB5EFE /* TestHelpers.swift */; };
		71E093EED3C628D66AF0DD26 /* FileWatcher.swift in Sources */ = {isa = PBXBuildFile; fileRef = 3FF93B49ABA3FCB6C03C7C38 /* FileWatcher.swift */; };
		7233BE4AB7B72D86D0DE7D6F /* StartView.swift in Sources */ = {isa = PBXBuildFile; fileRef = A91C9F425B885EA43BE8DAC1 /* StartView.swift */; };
		728770015F1A3D28231C27A4 /* ChatSummary.swift in Sources */ = {isa = PBXBuildFile; fileRef = 65D020033697908C47AF12C6 /* ChatSummary.swift */; };
		73A5527A457EE9AF3C07CF05 /* Prompts.swift in Sources */ = {isa = PBXBuildFile; fileRef = 839C0688D52A506698E0975C /* Prompts.swift */; };
		749C74C94283F15008806B34 /* Welcome in Resources */ = {isa = PBXBuildFile; fileRef = A72700B55F5611A9AC19DEB3 /* Welcome */; };
		764D99B58FE2A8F1FD64C6AB /* Bookmark.swift in Sources */ = {isa = PBXBuildFile; fileRef = 7A294619650B588AAAAAB05F /* Bookmark.swift */; };
		804CCF34A212E4A6BB7BC577 /* SettingsView.swift in Sources */ = {isa = PBXBuildFile; fileRef = 4B4F425D7CB9352121BDA059 /* SettingsView.swift */; };
		80E904BE612A944C43F7C630 /* BrowserOpenRequest.swift in Sources */ = {isa = PBXBuildFile; fileRef = 03F7CDD30F6CDC0ADA956A5B /* BrowserOpenRequest.swift */; };
		814397547F57BFCADCE6F2C7 /* RecentFoldersManager.swift in Sources */ = {isa = PBXBuildFile; fileRef = D5EDAF12A053E7D98F82C853 /* RecentFoldersManager.swift */; };
		81CF29D63ED691F57F4325AE /* InteractionHandler.swift in Sources */ = {isa = PBXBuildFile; fileRef = 5E4AD4FFB98B7E0EBB9BE043 /* InteractionHandler.swift */; };
		8316EEDAE5B450C0B463D3EE /* GoToLineOverlay.swift in Sources */ = {isa = PBXBuildFile; fileRef = 4B5919EF45F463957B64A89A /* GoToLineOverlay.swift */; };
		88C62C51C18F47B8CDB1C141 /* MarkdownConfig.swift in Sources */ = {isa = PBXBuildFile; fileRef = D1FC8527E270135151E0D0CA /* MarkdownConfig.swift */; };
		89A2FA2AE94B415086142152 /* CoordinatedFileAccess.swift in Sources */ = {isa = PBXBuildFile; fileRef = 2FEB616FDABA8FBC955F9273 /* CoordinatedFileAccess.swift */; };
		8C0B20D7D4D27728EDDC2860 /* LineNumberRulerView.swift in Sources */ = {isa = PBXBuildFile; fileRef = CAA82CF2CF6624869CCA5805 /* LineNumberRulerView.swift */; };
		924C2627CFE61B5C4397B750 /* SettingsRepositoryTests.swift in Sources */ = {isa = PBXBuildFile; fileRef = D3785C170BCFA7F12A916ABC /* SettingsRepositoryTests.swift */; };
		943A378535AA5855F7927B87 /* iOSRootView.swift in Sources */ = {isa = PBXBuildFile; fileRef = CE8B4AADC75D84E642BD4EC8 /* iOSRootView.swift */; };
		963AB808B3956A1228C4D65D /* GutterView.swift in Sources */ = {isa = PBXBuildFile; fileRef = 4AB5636F94F4A1906E62F568 /* GutterView.swift */; };
		9706C359F15E7A8E0DFBE3E6 /* FolderService.swift in Sources */ = {isa = PBXBuildFile; fileRef = B46C2079D5FC942799A84EAC /* FolderService.swift */; };
		973B45F128646663AEADAA0A /* MarkdownHighlighterTests.swift in Sources */ = {isa = PBXBuildFile; fileRef = 0CFFE9253A9E7353197A04FA /* MarkdownHighlighterTests.swift */; };
		9B61A17A180E5068795FFF4D /* FolderItem.swift in Sources */ = {isa = PBXBuildFile; fileRef = 4483E0EF01008FD6766A84A2 /* FolderItem.swift */; };
		9C9C5AEED045A03781810B73 /* iOSRootView.swift in Sources */ = {isa = PBXBuildFile; fileRef = CE8B4AADC75D84E642BD4EC8 /* iOSRootView.swift */; };
		A571FD88201A22F487088385 /* ChatSummary.swift in Sources */ = {isa = PBXBuildFile; fileRef = 65D020033697908C47AF12C6 /* ChatSummary.swift */; };
		AB9AC0D74A5C7E661AE98345 /* MarkdownConfig.swift in Sources */ = {isa = PBXBuildFile; fileRef = D1FC8527E270135151E0D0CA /* MarkdownConfig.swift */; };
		AED2169653B5B667D912DB46 /* ACKNOWLEDGMENTS.md in Resources */ = {isa = PBXBuildFile; fileRef = E6C1FBAB4B01432B18DC39AB /* ACKNOWLEDGMENTS.md */; };
		B1ACE33D74D535E3295A4EF2 /* iOSSidebarView.swift in Sources */ = {isa = PBXBuildFile; fileRef = CB982408DD4FA869675A09CE /* iOSSidebarView.swift */; };
		B38F2D5327EDE837D4695F8D /* SecurityScopedBookmarkManager.swift in Sources */ = {isa = PBXBuildFile; fileRef = BB81EE3FB70820E95B314A5B /* SecurityScopedBookmarkManager.swift */; };
		B40E4C53EB84216EA01A8E1E /* ChatMessage.swift in Sources */ = {isa = PBXBuildFile; fileRef = 6C887EFAD828E7AB6A19725A /* ChatMessage.swift */; };
		B473B7448C92F68579071D23 /* SelfDescribingElement.swift in Sources */ = {isa = PBXBuildFile; fileRef = 423C10E48871F0F3985B2387 /* SelfDescribingElement.swift */; };
		B4FD475316F7060119FE549D /* WelcomeManagerTests.swift in Sources */ = {isa = PBXBuildFile; fileRef = 50CC5BF8230D0A3FF4B33547 /* WelcomeManagerTests.swift */; };
		B8C77233597769F4EF430179 /* FileMetadataRepositoryTests.swift in Sources */ = {isa = PBXBuildFile; fileRef = 60EC4647BF22AAA41D51AC64 /* FileMetadataRepositoryTests.swift */; };
		BB174584FE104D70D385E20E /* FileWatcher.swift in Sources */ = {isa = PBXBuildFile; fileRef = 3FF93B49ABA3FCB6C03C7C38 /* FileWatcher.swift */; };
		BB4EB908BFB0229BC16BC6A7 /* CloudStatusBadge.swift in Sources */ = {isa = PBXBuildFile; fileRef = 5FE1E4DCEFC95D88C4FBFB20 /* CloudStatusBadge.swift */; };
		BB529B9D1836EF0EABFAA26C /* GoToLineOverlay.swift in Sources */ = {isa = PBXBuildFile; fileRef = 4B5919EF45F463957B64A89A /* GoToLineOverlay.swift */; };
		BC04BAD3F95C917D34BB426D /* Welcome in Resources */ = {isa = PBXBuildFile; fileRef = A72700B55F5611A9AC19DEB3 /* Welcome */; };
		BE0780EA15B5CA5504E5D9AA /* ChatToolbarButton.swift in Sources */ = {isa = PBXBuildFile; fileRef = CF18667CC69EF55484FC1DD9 /* ChatToolbarButton.swift */; };
		BEEFBEB46ACBF94B9377CCC3 /* MarkdownView.swift in Sources */ = {isa = PBXBuildFile; fileRef = C78C33F2E9C456D069393467 /* MarkdownView.swift */; };
		BF44B15895467314278C594F /* PopoverControllers.swift in Sources */ = {isa = PBXBuildFile; fileRef = 8A70093718A58E9919D50A1B /* PopoverControllers.swift */; };
		BFD9484897D734404ED58CA7 /* Assets.xcassets in Resources */ = {isa = PBXBuildFile; fileRef = 7B6BCC5252188EB88279BA7C /* Assets.xcassets */; };
		C0F9DA259FD606DD4F891090 /* ChatService.swift in Sources */ = {isa = PBXBuildFile; fileRef = 8DB54E4A3239D66FA5943C91 /* ChatService.swift */; };
		C30393C0FB451D3BB06841EA /* CoordinatedFileAccess.swift in Sources */ = {isa = PBXBuildFile; fileRef = 2FEB616FDABA8FBC955F9273 /* CoordinatedFileAccess.swift */; };
		C3B2AF15A1897838583348F2 /* MarkdownHighlighter.swift in Sources */ = {isa = PBXBuildFile; fileRef = 31DD46F97E687CCA317452EB /* MarkdownHighlighter.swift */; };
		C5E6803401414C443702C6AC /* ChatTools.swift in Sources */ = {isa = PBXBuildFile; fileRef = D1795882CD06A6A490A665B3 /* ChatTools.swift */; };
		C657368992F75311E683529E /* FolderTreeFilter.swift in Sources */ = {isa = PBXBuildFile; fileRef = B1F8EA971E150D300A334B1A /* FolderTreeFilter.swift */; };
		C6C584481495ADECC4470660 /* TranscriptCondenser.swift in Sources */ = {isa = PBXBuildFile; fileRef = B39B05B1D4284C46E7800BDC /* TranscriptCondenser.swift */; };
		C7501B7A36A384E946544C9D /* aimdRenderer in Frameworks */ = {isa = PBXBuildFile; productRef = 9428077C8F61970B772022B9 /* aimdRenderer */; };
		C7CF651077E69C6ABF23868B /* ContentView.swift in Sources */ = {isa = PBXBuildFile; fileRef = 92EABFB8D259D145F0686804 /* ContentView.swift */; };
		C929A72A1E02F19A072C8458 /* SettingsView.swift in Sources */ = {isa = PBXBuildFile; fileRef = 4B4F425D7CB9352121BDA059 /* SettingsView.swift */; };
		CC6A13DB62C3F31BBCDCACD9 /* ConflictResolver.swift in Sources */ = {isa = PBXBuildFile; fileRef = 960223408DA03FCD130A9BBA /* ConflictResolver.swift */; };
		CCB4D2D9B3C5C2FEA8050568 /* NSTextViewDelegateIsolationTests.swift in Sources */ = {isa = PBXBuildFile; fileRef = 3F21550DE85BCDF86287B259 /* NSTextViewDelegateIsolationTests.swift */; };
		CEE04B903C759976A1DA6351 /* MarkdownTextViewNavigation.swift in Sources */ = {isa = PBXBuildFile; fileRef = 64FA6561AB123A6D63F0264A /* MarkdownTextViewNavigation.swift */; };
		D47A0A586796F9B86D732BFB /* ChatMessage.swift in Sources */ = {isa = PBXBuildFile; fileRef = 6C887EFAD828E7AB6A19725A /* ChatMessage.swift */; };
		D53618E50E3DEFDB3179A69F /* FolderServiceCacheTests.swift in Sources */ = {isa = PBXBuildFile; fileRef = 09FA8652D62524559DFB8FEF /* FolderServiceCacheTests.swift */; };
		D6699406A9E618E1131FE8CF /* ChatView.swift in Sources */ = {isa = PBXBuildFile; fileRef = B6BBEFD5E89FD87384767913 /* ChatView.swift */; };
		D6F31CC121307CEE2BAF369F /* AsyncDocumentCoordinationTests.swift in Sources */ = {isa = PBXBuildFile; fileRef = 93645B0EF0050C7E13410507 /* AsyncDocumentCoordinationTests.swift */; };
		D79ECFFD61F6AFAE099DC9BE /* ChatConfiguration.swift in Sources */ = {isa = PBXBuildFile; fileRef = 0E829AB1C1DC61172A97135F /* ChatConfiguration.swift */; };
		D8A80879E81D4208F043DD72 /* InteractionHandler.swift in Sources */ = {isa = PBXBuildFile; fileRef = 5E4AD4FFB98B7E0EBB9BE043 /* InteractionHandler.swift */; };
		DA51DA0EE6E4AA31FA78462D /* ChatView.swift in Sources */ = {isa = PBXBuildFile; fileRef = B6BBEFD5E89FD87384767913 /* ChatView.swift */; };
		DC66F69416DB06DAB5CFE2B2 /* RecentFoldersManager.swift in Sources */ = {isa = PBXBuildFile; fileRef = D5EDAF12A053E7D98F82C853 /* RecentFoldersManager.swift */; };
		DF2644809B674011702FD2C7 /* ErrorBanner.swift in Sources */ = {isa = PBXBuildFile; fileRef = B5582C99D27644F5CB3FC69C /* ErrorBanner.swift */; };
		E14EC177606005F83A46DE9C /* GutterView.swift in Sources */ = {isa = PBXBuildFile; fileRef = 4AB5636F94F4A1906E62F568 /* GutterView.swift */; };
		E26E68B7CDCEDC006E6C7792 /* iOSSidebarView.swift in Sources */ = {isa = PBXBuildFile; fileRef = CB982408DD4FA869675A09CE /* iOSSidebarView.swift */; };
		E5A2E3ED1896F257F5AC5A84 /* MarkdownBlock.swift in Sources */ = {isa = PBXBuildFile; fileRef = 859C467D2920C34EAA1E2D52 /* MarkdownBlock.swift */; };
		E5E300FEB131BE8C39834293 /* FolderWatcher.swift in Sources */ = {isa = PBXBuildFile; fileRef = 7838CF7D4E3E4E3537D06749 /* FolderWatcher.swift */; };
		F13DF6DBB6CA4C7DA407EBA9 /* WelcomeManager.swift in Sources */ = {isa = PBXBuildFile; fileRef = 70857F60DB5FFA670F7BD668 /* WelcomeManager.swift */; };
		F1735D44AA4881A7EBD8B737 /* MarkdownEditor.swift in Sources */ = {isa = PBXBuildFile; fileRef = F528FFCD63F5222C991B12C2 /* MarkdownEditor.swift */; };
		F18E74EA9365CCC7B955CB3E /* SyntaxThemeSettingTests.swift in Sources */ = {isa = PBXBuildFile; fileRef = E9CCD8590E8EDEFCF146FE6E /* SyntaxThemeSettingTests.swift */; };
		F1EE1EFFD29DF2E703221B78 /* ContentView.swift in Sources */ = {isa = PBXBuildFile; fileRef = 92EABFB8D259D145F0686804 /* ContentView.swift */; };
		F24EE8CB2083D2E2F5FB8794 /* SwiftDataMetadataRepository.swift in Sources */ = {isa = PBXBuildFile; fileRef = E127865B25F512D96EE53163 /* SwiftDataMetadataRepository.swift */; };
		F41C18C43FB9A0DCCD4ECEC2 /* InteractiveAnnotator.swift in Sources */ = {isa = PBXBuildFile; fileRef = 8D3EE7A20192BD16B9BE2E7F /* InteractiveAnnotator.swift */; };
		F4A57D8982AD51C396510A82 /* ChatConfiguration.swift in Sources */ = {isa = PBXBuildFile; fileRef = 0E829AB1C1DC61172A97135F /* ChatConfiguration.swift */; };
		F5F2FF43DB89B65C43589708 /* NativeDocumentView.swift in Sources */ = {isa = PBXBuildFile; fileRef = 9D5033B0DFEE9FA045A3DE41 /* NativeDocumentView.swift */; };
		F619E94A236299C03C36F9A0 /* AppCoordinator.swift in Sources */ = {isa = PBXBuildFile; fileRef = BBDC7CFF3232B2E5530710DA /* AppCoordinator.swift */; };
		F67E98DAA62AF667ECA50C8D /* ChatService.swift in Sources */ = {isa = PBXBuildFile; fileRef = 8DB54E4A3239D66FA5943C91 /* ChatService.swift */; };
		F8FCCF511D28D7CF5895CA36 /* ChatMessageTests.swift in Sources */ = {isa = PBXBuildFile; fileRef = 4B6F6BEF14966EA2F7BDE94D /* ChatMessageTests.swift */; };
		FAAD8D51D4FA75202BB1A048 /* NativeDocumentView.swift in Sources */ = {isa = PBXBuildFile; fileRef = 9D5033B0DFEE9FA045A3DE41 /* NativeDocumentView.swift */; };
		FB35442B6769B3E745CFDAE4 /* ErrorBannerTests.swift in Sources */ = {isa = PBXBuildFile; fileRef = DEB7A8090576B156B1AE56DA /* ErrorBannerTests.swift */; };
		FDE9B468A3E84E82FB298657 /* ConflictBanner.swift in Sources */ = {isa = PBXBuildFile; fileRef = F8639A2B029D060DF2C75857 /* ConflictBanner.swift */; };
		FE27380BE1EF46126A2C8E61 /* ConflictBanner.swift in Sources */ = {isa = PBXBuildFile; fileRef = F8639A2B029D060DF2C75857 /* ConflictBanner.swift */; };
/* End PBXBuildFile section */

/* Begin PBXFileReference section */
		03F7CDD30F6CDC0ADA956A5B /* BrowserOpenRequest.swift */ = {isa = PBXFileReference; lastKnownFileType = sourcecode.swift; path = BrowserOpenRequest.swift; sourceTree = "<group>"; };
		09FA8652D62524559DFB8FEF /* FolderServiceCacheTests.swift */ = {isa = PBXFileReference; lastKnownFileType = sourcecode.swift; path = FolderServiceCacheTests.swift; sourceTree = "<group>"; };
		0CFFE9253A9E7353197A04FA /* MarkdownHighlighterTests.swift */ = {isa = PBXFileReference; lastKnownFileType = sourcecode.swift; path = MarkdownHighlighterTests.swift; sourceTree = "<group>"; };
		0E829AB1C1DC61172A97135F /* ChatConfiguration.swift */ = {isa = PBXFileReference; lastKnownFileType = sourcecode.swift; path = ChatConfiguration.swift; sourceTree = "<group>"; };
		0F7D6B42FE2CAF577653F387 /* MarkdownTextViewPopovers.swift */ = {isa = PBXFileReference; lastKnownFileType = sourcecode.swift; path = MarkdownTextViewPopovers.swift; sourceTree = "<group>"; };
		11D99AD8354DE6CF1DD21F50 /* AIMDReaderApp.swift */ = {isa = PBXFileReference; lastKnownFileType = sourcecode.swift; path = AIMDReaderApp.swift; sourceTree = "<group>"; };
		146DE543C58BA2A081646221 /* AppCoordinatorTests.swift */ = {isa = PBXFileReference; lastKnownFileType = sourcecode.swift; path = AppCoordinatorTests.swift; sourceTree = "<group>"; };
		14F5BBE08BE9405E790F4490 /* ChatInputValidatorTests.swift */ = {isa = PBXFileReference; lastKnownFileType = sourcecode.swift; path = ChatInputValidatorTests.swift; sourceTree = "<group>"; };
		163B0EA3C4C275628DAB5EFE /* TestHelpers.swift */ = {isa = PBXFileReference; lastKnownFileType = sourcecode.swift; path = TestHelpers.swift; sourceTree = "<group>"; };
		1C7F0F379C4D229BD0F9A73E /* OutlineFileList.swift */ = {isa = PBXFileReference; lastKnownFileType = sourcecode.swift; path = OutlineFileList.swift; sourceTree = "<group>"; };
		200C662C39542FD6BFFD4DAF /* FolderServiceLoadingTests.swift */ = {isa = PBXFileReference; lastKnownFileType = sourcecode.swift; path = FolderServiceLoadingTests.swift; sourceTree = "<group>"; };
		252922C4505069106598EE0D /* SettingsRepository.swift */ = {isa = PBXFileReference; lastKnownFileType = sourcecode.swift; path = SettingsRepository.swift; sourceTree = "<group>"; };
		274A5C0180A575FCC4A276D6 /* CoordinatorRegistry.swift */ = {isa = PBXFileReference; lastKnownFileType = sourcecode.swift; path = CoordinatorRegistry.swift; sourceTree = "<group>"; };
		2FEB616FDABA8FBC955F9273 /* CoordinatedFileAccess.swift */ = {isa = PBXFileReference; lastKnownFileType = sourcecode.swift; path = CoordinatedFileAccess.swift; sourceTree = "<group>"; };
		31DD46F97E687CCA317452EB /* MarkdownHighlighter.swift */ = {isa = PBXFileReference; lastKnownFileType = sourcecode.swift; path = MarkdownHighlighter.swift; sourceTree = "<group>"; };
		3573E594B8CD544078F9146F /* GutterOverlayView.swift */ = {isa = PBXFileReference; lastKnownFileType = sourcecode.swift; path = GutterOverlayView.swift; sourceTree = "<group>"; };
		3C15774EAB6076619F935729 /* FolderTreeFilterTests.swift */ = {isa = PBXFileReference; lastKnownFileType = sourcecode.swift; path = FolderTreeFilterTests.swift; sourceTree = "<group>"; };
		3F21550DE85BCDF86287B259 /* NSTextViewDelegateIsolationTests.swift */ = {isa = PBXFileReference; lastKnownFileType = sourcecode.swift; path = NSTextViewDelegateIsolationTests.swift; sourceTree = "<group>"; };
		3FA41EFFEF6B2CD1A2380479 /* ChatSummaryRepository.swift */ = {isa = PBXFileReference; lastKnownFileType = sourcecode.swift; path = ChatSummaryRepository.swift; sourceTree = "<group>"; };
		3FF93B49ABA3FCB6C03C7C38 /* FileWatcher.swift */ = {isa = PBXFileReference; lastKnownFileType = sourcecode.swift; path = FileWatcher.swift; sourceTree = "<group>"; };
		423C10E48871F0F3985B2387 /* SelfDescribingElement.swift */ = {isa = PBXFileReference; lastKnownFileType = sourcecode.swift; path = SelfDescribingElement.swift; sourceTree = "<group>"; };
		4483E0EF01008FD6766A84A2 /* FolderItem.swift */ = {isa = PBXFileReference; lastKnownFileType = sourcecode.swift; path = FolderItem.swift; sourceTree = "<group>"; };
		46778E27037908E1D84C4D2A /* AppError.swift */ = {isa = PBXFileReference; lastKnownFileType = sourcecode.swift; path = AppError.swift; sourceTree = "<group>"; };
		4AB5636F94F4A1906E62F568 /* GutterView.swift */ = {isa = PBXFileReference; lastKnownFileType = sourcecode.swift; path = GutterView.swift; sourceTree = "<group>"; };
		4B4F425D7CB9352121BDA059 /* SettingsView.swift */ = {isa = PBXFileReference; lastKnownFileType = sourcecode.swift; path = SettingsView.swift; sourceTree = "<group>"; };
		4B5919EF45F463957B64A89A /* GoToLineOverlay.swift */ = {isa = PBXFileReference; lastKnownFileType = sourcecode.swift; path = GoToLineOverlay.swift; sourceTree = "<group>"; };
		4B6F6BEF14966EA2F7BDE94D /* ChatMessageTests.swift */ = {isa = PBXFileReference; lastKnownFileType = sourcecode.swift; path = ChatMessageTests.swift; sourceTree = "<group>"; };
		4BB366CDF5A0A05D22BC097E /* NativeControlView.swift */ = {isa = PBXFileReference; lastKnownFileType = sourcecode.swift; path = NativeControlView.swift; sourceTree = "<group>"; };
		4CB427C2C971E2329AEDE08A /* FileMetadata.swift */ = {isa = PBXFileReference; lastKnownFileType = sourcecode.swift; path = FileMetadata.swift; sourceTree = "<group>"; };
		50CC5BF8230D0A3FF4B33547 /* WelcomeManagerTests.swift */ = {isa = PBXFileReference; lastKnownFileType = sourcecode.swift; path = WelcomeManagerTests.swift; sourceTree = "<group>"; };
		52C05C0F5E8774AFACA0B845 /* BrowserWindowRoot.swift */ = {isa = PBXFileReference; lastKnownFileType = sourcecode.swift; path = BrowserWindowRoot.swift; sourceTree = "<group>"; };
		587E8CF1BFF12ECB2250C093 /* SectionResolver.swift */ = {isa = PBXFileReference; lastKnownFileType = sourcecode.swift; path = SectionResolver.swift; sourceTree = "<group>"; };
		59C1F8A33998A1805CF52C21 /* FileWatcherTests.swift */ = {isa = PBXFileReference; lastKnownFileType = sourcecode.swift; path = FileWatcherTests.swift; sourceTree = "<group>"; };
		5A9D31B799BB143271DD4FAD /* ChatInputValidator.swift */ = {isa = PBXFileReference; lastKnownFileType = sourcecode.swift; path = ChatInputValidator.swift; sourceTree = "<group>"; };
		5BFF79695C856DA747B91FB6 /* MarkdownEditorCoordinator.swift */ = {isa = PBXFileReference; lastKnownFileType = sourcecode.swift; path = MarkdownEditorCoordinator.swift; sourceTree = "<group>"; };
		5E4AD4FFB98B7E0EBB9BE043 /* InteractionHandler.swift */ = {isa = PBXFileReference; lastKnownFileType = sourcecode.swift; path = InteractionHandler.swift; sourceTree = "<group>"; };
		5FE1E4DCEFC95D88C4FBFB20 /* CloudStatusBadge.swift */ = {isa = PBXFileReference; lastKnownFileType = sourcecode.swift; path = CloudStatusBadge.swift; sourceTree = "<group>"; };
		60EC4647BF22AAA41D51AC64 /* FileMetadataRepositoryTests.swift */ = {isa = PBXFileReference; lastKnownFileType = sourcecode.swift; path = FileMetadataRepositoryTests.swift; sourceTree = "<group>"; };
		64FA6561AB123A6D63F0264A /* MarkdownTextViewNavigation.swift */ = {isa = PBXFileReference; lastKnownFileType = sourcecode.swift; path = MarkdownTextViewNavigation.swift; sourceTree = "<group>"; };
		65D020033697908C47AF12C6 /* ChatSummary.swift */ = {isa = PBXFileReference; lastKnownFileType = sourcecode.swift; path = ChatSummary.swift; sourceTree = "<group>"; };
		6C887EFAD828E7AB6A19725A /* ChatMessage.swift */ = {isa = PBXFileReference; lastKnownFileType = sourcecode.swift; path = ChatMessage.swift; sourceTree = "<group>"; };
		70857F60DB5FFA670F7BD668 /* WelcomeManager.swift */ = {isa = PBXFileReference; lastKnownFileType = sourcecode.swift; path = WelcomeManager.swift; sourceTree = "<group>"; };
		75ED61A593D761BAA481CC3C /* ContentBlockView.swift */ = {isa = PBXFileReference; lastKnownFileType = sourcecode.swift; path = ContentBlockView.swift; sourceTree = "<group>"; };
		7838CF7D4E3E4E3537D06749 /* FolderWatcher.swift */ = {isa = PBXFileReference; lastKnownFileType = sourcecode.swift; path = FolderWatcher.swift; sourceTree = "<group>"; };
		7A294619650B588AAAAAB05F /* Bookmark.swift */ = {isa = PBXFileReference; lastKnownFileType = sourcecode.swift; path = Bookmark.swift; sourceTree = "<group>"; };
		7B6BCC5252188EB88279BA7C /* Assets.xcassets */ = {isa = PBXFileReference; lastKnownFileType = folder.assetcatalog; path = Assets.xcassets; sourceTree = "<group>"; };
		7CE3303CE8C9CDA35E6D110F /* QuickSwitcher.swift */ = {isa = PBXFileReference; lastKnownFileType = sourcecode.swift; path = QuickSwitcher.swift; sourceTree = "<group>"; };
		7DEAC2E5FF06D13FFF9D03C3 /* Pixley Markdown.app */ = {isa = PBXFileReference; explicitFileType = wrapper.application; includeInIndex = 0; path = "Pixley Markdown.app"; sourceTree = BUILT_PRODUCTS_DIR; };
		839C0688D52A506698E0975C /* Prompts.swift */ = {isa = PBXFileReference; lastKnownFileType = sourcecode.swift; path = Prompts.swift; sourceTree = "<group>"; };
		859C467D2920C34EAA1E2D52 /* MarkdownBlock.swift */ = {isa = PBXFileReference; lastKnownFileType = sourcecode.swift; path = MarkdownBlock.swift; sourceTree = "<group>"; };
		872D8BEA52B0C1733AEB87ED /* FileLoadTriggerTests.swift */ = {isa = PBXFileReference; lastKnownFileType = sourcecode.swift; path = FileLoadTriggerTests.swift; sourceTree = "<group>"; };
		8A70093718A58E9919D50A1B /* PopoverControllers.swift */ = {isa = PBXFileReference; lastKnownFileType = sourcecode.swift; path = PopoverControllers.swift; sourceTree = "<group>"; };
		8D3EE7A20192BD16B9BE2E7F /* InteractiveAnnotator.swift */ = {isa = PBXFileReference; lastKnownFileType = sourcecode.swift; path = InteractiveAnnotator.swift; sourceTree = "<group>"; };
		8DB54E4A3239D66FA5943C91 /* ChatService.swift */ = {isa = PBXFileReference; lastKnownFileType = sourcecode.swift; path = ChatService.swift; sourceTree = "<group>"; };
		92EABFB8D259D145F0686804 /* ContentView.swift */ = {isa = PBXFileReference; lastKnownFileType = sourcecode.swift; path = ContentView.swift; sourceTree = "<group>"; };
		93645B0EF0050C7E13410507 /* AsyncDocumentCoordinationTests.swift */ = {isa = PBXFileReference; lastKnownFileType = sourcecode.swift; path = AsyncDocumentCoordinationTests.swift; sourceTree = "<group>"; };
		960223408DA03FCD130A9BBA /* ConflictResolver.swift */ = {isa = PBXFileReference; lastKnownFileType = sourcecode.swift; path = ConflictResolver.swift; sourceTree = "<group>"; };
		9D5033B0DFEE9FA045A3DE41 /* NativeDocumentView.swift */ = {isa = PBXFileReference; lastKnownFileType = sourcecode.swift; path = NativeDocumentView.swift; sourceTree = "<group>"; };
		A300DC785AC259093AC0BC7F /* ChatConfigurationTests.swift */ = {isa = PBXFileReference; lastKnownFileType = sourcecode.swift; path = ChatConfigurationTests.swift; sourceTree = "<group>"; };
		A6B941E0A21C4AA67313D916 /* ChatServiceTests.swift */ = {isa = PBXFileReference; lastKnownFileType = sourcecode.swift; path = ChatServiceTests.swift; sourceTree = "<group>"; };
		A72700B55F5611A9AC19DEB3 /* Welcome */ = {isa = PBXFileReference; lastKnownFileType = folder; name = Welcome; path = Resources/Welcome; sourceTree = SOURCE_ROOT; };
		A91C9F425B885EA43BE8DAC1 /* StartView.swift */ = {isa = PBXFileReference; lastKnownFileType = sourcecode.swift; path = StartView.swift; sourceTree = "<group>"; };
		AD91AEC319E8EC4C3903635C /* aimdRenderer */ = {isa = PBXFileReference; lastKnownFileType = folder; name = aimdRenderer; path = Packages/aimdRenderer; sourceTree = SOURCE_ROOT; };
		B0C69A0C58227D3D4FB2CC18 /* WindowRouter.swift */ = {isa = PBXFileReference; lastKnownFileType = sourcecode.swift; path = WindowRouter.swift; sourceTree = "<group>"; };
		B1F8EA971E150D300A334B1A /* FolderTreeFilter.swift */ = {isa = PBXFileReference; lastKnownFileType = sourcecode.swift; path = FolderTreeFilter.swift; sourceTree = "<group>"; };
		B39B05B1D4284C46E7800BDC /* TranscriptCondenser.swift */ = {isa = PBXFileReference; lastKnownFileType = sourcecode.swift; path = TranscriptCondenser.swift; sourceTree = "<group>"; };
		B46C2079D5FC942799A84EAC /* FolderService.swift */ = {isa = PBXFileReference; lastKnownFileType = sourcecode.swift; path = FolderService.swift; sourceTree = "<group>"; };
		B5582C99D27644F5CB3FC69C /* ErrorBanner.swift */ = {isa = PBXFileReference; lastKnownFileType = sourcecode.swift; path = ErrorBanner.swift; sourceTree = "<group>"; };
		B6BBEFD5E89FD87384767913 /* ChatView.swift */ = {isa = PBXFileReference; lastKnownFileType = sourcecode.swift; path = ChatView.swift; sourceTree = "<group>"; };
		B7F4DE06BADA89CCBBECDA09 /* SecurityScopedBookmarkManagerTests.swift */ = {isa = PBXFileReference; lastKnownFileType = sourcecode.swift; path = SecurityScopedBookmarkManagerTests.swift; sourceTree = "<group>"; };
		BB81EE3FB70820E95B314A5B /* SecurityScopedBookmarkManager.swift */ = {isa = PBXFileReference; lastKnownFileType = sourcecode.swift; path = SecurityScopedBookmarkManager.swift; sourceTree = "<group>"; };
		BBDC7CFF3232B2E5530710DA /* AppCoordinator.swift */ = {isa = PBXFileReference; lastKnownFileType = sourcecode.swift; path = AppCoordinator.swift; sourceTree = "<group>"; };
		C123712E3F8EB27B4E59E0DD /* Pixley Markdown.app */ = {isa = PBXFileReference; explicitFileType = wrapper.application; includeInIndex = 0; path = "Pixley Markdown.app"; sourceTree = BUILT_PRODUCTS_DIR; };
		C33E44D2093F4A4DBA5EFC7A /* FolderItemTests.swift */ = {isa = PBXFileReference; lastKnownFileType = sourcecode.swift; path = FolderItemTests.swift; sourceTree = "<group>"; };
		C78C33F2E9C456D069393467 /* MarkdownView.swift */ = {isa = PBXFileReference; lastKnownFileType = sourcecode.swift; path = MarkdownView.swift; sourceTree = "<group>"; };
		CAA82CF2CF6624869CCA5805 /* LineNumberRulerView.swift */ = {isa = PBXFileReference; lastKnownFileType = sourcecode.swift; path = LineNumberRulerView.swift; sourceTree = "<group>"; };
		CB982408DD4FA869675A09CE /* iOSSidebarView.swift */ = {isa = PBXFileReference; lastKnownFileType = sourcecode.swift; path = iOSSidebarView.swift; sourceTree = "<group>"; };
		CC14D25CA094240EE829B6F5 /* InteractiveSheets.swift */ = {isa = PBXFileReference; lastKnownFileType = sourcecode.swift; path = InteractiveSheets.swift; sourceTree = "<group>"; };
		CE8B4AADC75D84E642BD4EC8 /* iOSRootView.swift */ = {isa = PBXFileReference; lastKnownFileType = sourcecode.swift; path = iOSRootView.swift; sourceTree = "<group>"; };
		CF18667CC69EF55484FC1DD9 /* ChatToolbarButton.swift */ = {isa = PBXFileReference; lastKnownFileType = sourcecode.swift; path = ChatToolbarButton.swift; sourceTree = "<group>"; };
		D1795882CD06A6A490A665B3 /* ChatTools.swift */ = {isa = PBXFileReference; lastKnownFileType = sourcecode.swift; path = ChatTools.swift; sourceTree = "<group>"; };
		D1FC8527E270135151E0D0CA /* MarkdownConfig.swift */ = {isa = PBXFileReference; lastKnownFileType = sourcecode.swift; path = MarkdownConfig.swift; sourceTree = "<group>"; };
		D3785C170BCFA7F12A916ABC /* SettingsRepositoryTests.swift */ = {isa = PBXFileReference; lastKnownFileType = sourcecode.swift; path = SettingsRepositoryTests.swift; sourceTree = "<group>"; };
		D5EDAF12A053E7D98F82C853 /* RecentFoldersManager.swift */ = {isa = PBXFileReference; lastKnownFileType = sourcecode.swift; path = RecentFoldersManager.swift; sourceTree = "<group>"; };
		DE3156F3B44B796A50CE6E86 /* FileMetadataRepository.swift */ = {isa = PBXFileReference; lastKnownFileType = sourcecode.swift; path = FileMetadataRepository.swift; sourceTree = "<group>"; };
		DEB7A8090576B156B1AE56DA /* ErrorBannerTests.swift */ = {isa = PBXFileReference; lastKnownFileType = sourcecode.swift; path = ErrorBannerTests.swift; sourceTree = "<group>"; };
		E127865B25F512D96EE53163 /* SwiftDataMetadataRepository.swift */ = {isa = PBXFileReference; lastKnownFileType = sourcecode.swift; path = SwiftDataMetadataRepository.swift; sourceTree = "<group>"; };
		E6C1FBAB4B01432B18DC39AB /* ACKNOWLEDGMENTS.md */ = {isa = PBXFileReference; lastKnownFileType = net.daringfireball.markdown; path = ACKNOWLEDGMENTS.md; sourceTree = "<group>"; };
		E9CCD8590E8EDEFCF146FE6E /* SyntaxThemeSettingTests.swift */ = {isa = PBXFileReference; lastKnownFileType = sourcecode.swift; path = SyntaxThemeSettingTests.swift; sourceTree = "<group>"; };
		F3261B1CA44B78F70E805A0D /* AppErrorTests.swift */ = {isa = PBXFileReference; lastKnownFileType = sourcecode.swift; path = AppErrorTests.swift; sourceTree = "<group>"; };
		F50BF4CA95002826A8EDCCC0 /* RecentFoldersManagerTests.swift */ = {isa = PBXFileReference; lastKnownFileType = sourcecode.swift; path = RecentFoldersManagerTests.swift; sourceTree = "<group>"; };
		F528FFCD63F5222C991B12C2 /* MarkdownEditor.swift */ = {isa = PBXFileReference; lastKnownFileType = sourcecode.swift; path = MarkdownEditor.swift; sourceTree = "<group>"; };
		F8639A2B029D060DF2C75857 /* ConflictBanner.swift */ = {isa = PBXFileReference; lastKnownFileType = sourcecode.swift; path = ConflictBanner.swift; sourceTree = "<group>"; };
		FB63BCD8BAC64F2E8269083E /* AIMDReaderTests.xctest */ = {isa = PBXFileReference; explicitFileType = wrapper.cfbundle; includeInIndex = 0; path = AIMDReaderTests.xctest; sourceTree = BUILT_PRODUCTS_DIR; };
/* End PBXFileReference section */

/* Begin PBXFrameworksBuildPhase section */
		61C2A13C91B6995A40E141D0 /* Frameworks */ = {
			isa = PBXFrameworksBuildPhase;
			buildActionMask = 2147483647;
			files = (
				5756C20F6BBB91CC1274F0E5 /* aimdRenderer in Frameworks */,
			);
			runOnlyForDeploymentPostprocessing = 0;
		};
		F48F66FC4A6277EBDBD79020 /* Frameworks */ = {
			isa = PBXFrameworksBuildPhase;
			buildActionMask = 2147483647;
			files = (
				C7501B7A36A384E946544C9D /* aimdRenderer in Frameworks */,
			);
			runOnlyForDeploymentPostprocessing = 0;
		};
/* End PBXFrameworksBuildPhase section */

/* Begin PBXGroup section */
		0DBA1764977EF384F4BDE349 /* Coordinator */ = {
			isa = PBXGroup;
			children = (
				BBDC7CFF3232B2E5530710DA /* AppCoordinator.swift */,
				274A5C0180A575FCC4A276D6 /* CoordinatorRegistry.swift */,
			);
			path = Coordinator;
			sourceTree = "<group>";
		};
		12D1F9DD2857C81D0AC9B8DA /* Sources */ = {
			isa = PBXGroup;
			children = (
				11D99AD8354DE6CF1DD21F50 /* AIMDReaderApp.swift */,
				92EABFB8D259D145F0686804 /* ContentView.swift */,
				3573E594B8CD544078F9146F /* GutterOverlayView.swift */,
				8D3EE7A20192BD16B9BE2E7F /* InteractiveAnnotator.swift */,
				F528FFCD63F5222C991B12C2 /* MarkdownEditor.swift */,
				5BFF79695C856DA747B91FB6 /* MarkdownEditorCoordinator.swift */,
				31DD46F97E687CCA317452EB /* MarkdownHighlighter.swift */,
				64FA6561AB123A6D63F0264A /* MarkdownTextViewNavigation.swift */,
				0F7D6B42FE2CAF577653F387 /* MarkdownTextViewPopovers.swift */,
				8A70093718A58E9919D50A1B /* PopoverControllers.swift */,
				839C0688D52A506698E0975C /* Prompts.swift */,
				0DBA1764977EF384F4BDE349 /* Coordinator */,
				846283BFB309E61FC9C9BED6 /* Extensions */,
				B52FFDED8153B878EF5792B4 /* Models */,
				EBF1AC4AA48491DBB81D52C0 /* Persistence */,
				8A6ED5BD0B9D5F168423126D /* Services */,
				F39E24C18F8C18023038A32E /* Settings */,
				39A542E8CF11343C8F736DDC /* Views */,
			);
			path = Sources;
			sourceTree = "<group>";
		};
		39A542E8CF11343C8F736DDC /* Views */ = {
			isa = PBXGroup;
			children = (
				47BA258B8BFE045E7F904E48 /* Components */,
				E2900EC6B5D1B583BE98A3A7 /* NativeRenderer */,
				6F5867144B7D8405675706D2 /* Screens */,
			);
			path = Views;
			sourceTree = "<group>";
		};
		47BA258B8BFE045E7F904E48 /* Components */ = {
			isa = PBXGroup;
			children = (
				CF18667CC69EF55484FC1DD9 /* ChatToolbarButton.swift */,
				5FE1E4DCEFC95D88C4FBFB20 /* CloudStatusBadge.swift */,
				F8639A2B029D060DF2C75857 /* ConflictBanner.swift */,
				B5582C99D27644F5CB3FC69C /* ErrorBanner.swift */,
				CC14D25CA094240EE829B6F5 /* InteractiveSheets.swift */,
				CB982408DD4FA869675A09CE /* iOSSidebarView.swift */,
				CAA82CF2CF6624869CCA5805 /* LineNumberRulerView.swift */,
				1C7F0F379C4D229BD0F9A73E /* OutlineFileList.swift */,
				7CE3303CE8C9CDA35E6D110F /* QuickSwitcher.swift */,
			);
			path = Components;
			sourceTree = "<group>";
		};
		6F5867144B7D8405675706D2 /* Screens */ = {
			isa = PBXGroup;
			children = (
				52C05C0F5E8774AFACA0B845 /* BrowserWindowRoot.swift */,
				B6BBEFD5E89FD87384767913 /* ChatView.swift */,
				CE8B4AADC75D84E642BD4EC8 /* iOSRootView.swift */,
				C78C33F2E9C456D069393467 /* MarkdownView.swift */,
				4B4F425D7CB9352121BDA059 /* SettingsView.swift */,
				A91C9F425B885EA43BE8DAC1 /* StartView.swift */,
			);
			path = Screens;
			sourceTree = "<group>";
		};
		7D37FB1B3BF53CD408468E9B /* Packages */ = {
			isa = PBXGroup;
			children = (
				AD91AEC319E8EC4C3903635C /* aimdRenderer */,
			);
			path = Packages;
			sourceTree = "<group>";
		};
		846283BFB309E61FC9C9BED6 /* Extensions */ = {
			isa = PBXGroup;
			children = (
			);
			path = Extensions;
			sourceTree = "<group>";
		};
		84C04BE51504F053C21C73E2 = {
			isa = PBXGroup;
			children = (
				7D37FB1B3BF53CD408468E9B /* Packages */,
				E7D447A576AC90707B54384E /* Resources */,
				12D1F9DD2857C81D0AC9B8DA /* Sources */,
				9723E30C7747E8A825115AB2 /* Tests */,
				AD3F2C07A642096E7B63FEA9 /* Products */,
			);
			sourceTree = "<group>";
		};
		8A6ED5BD0B9D5F168423126D /* Services */ = {
			isa = PBXGroup;
			children = (
				5A9D31B799BB143271DD4FAD /* ChatInputValidator.swift */,
				8DB54E4A3239D66FA5943C91 /* ChatService.swift */,
				D1795882CD06A6A490A665B3 /* ChatTools.swift */,
				960223408DA03FCD130A9BBA /* ConflictResolver.swift */,
				2FEB616FDABA8FBC955F9273 /* CoordinatedFileAccess.swift */,
				3FF93B49ABA3FCB6C03C7C38 /* FileWatcher.swift */,
				B46C2079D5FC942799A84EAC /* FolderService.swift */,
				B1F8EA971E150D300A334B1A /* FolderTreeFilter.swift */,
				7838CF7D4E3E4E3537D06749 /* FolderWatcher.swift */,
				5E4AD4FFB98B7E0EBB9BE043 /* InteractionHandler.swift */,
				D5EDAF12A053E7D98F82C853 /* RecentFoldersManager.swift */,
				587E8CF1BFF12ECB2250C093 /* SectionResolver.swift */,
				BB81EE3FB70820E95B314A5B /* SecurityScopedBookmarkManager.swift */,
				423C10E48871F0F3985B2387 /* SelfDescribingElement.swift */,
				B39B05B1D4284C46E7800BDC /* TranscriptCondenser.swift */,
				70857F60DB5FFA670F7BD668 /* WelcomeManager.swift */,
				B0C69A0C58227D3D4FB2CC18 /* WindowRouter.swift */,
			);
			path = Services;
			sourceTree = "<group>";
		};
		9723E30C7747E8A825115AB2 /* Tests */ = {
			isa = PBXGroup;
			children = (
				F70D9A20EE59EF883B2661FB /* AIMDReaderTests */,
			);
			path = Tests;
			sourceTree = "<group>";
		};
		AD3F2C07A642096E7B63FEA9 /* Products */ = {
			isa = PBXGroup;
			children = (
				C123712E3F8EB27B4E59E0DD /* Pixley Markdown.app */,
				7DEAC2E5FF06D13FFF9D03C3 /* Pixley Markdown.app */,
				FB63BCD8BAC64F2E8269083E /* AIMDReaderTests.xctest */,
			);
			name = Products;
			sourceTree = "<group>";
		};
		B52FFDED8153B878EF5792B4 /* Models */ = {
			isa = PBXGroup;
			children = (
				46778E27037908E1D84C4D2A /* AppError.swift */,
				03F7CDD30F6CDC0ADA956A5B /* BrowserOpenRequest.swift */,
				0E829AB1C1DC61172A97135F /* ChatConfiguration.swift */,
				6C887EFAD828E7AB6A19725A /* ChatMessage.swift */,
				4483E0EF01008FD6766A84A2 /* FolderItem.swift */,
				D1FC8527E270135151E0D0CA /* MarkdownConfig.swift */,
			);
			path = Models;
			sourceTree = "<group>";
		};
		E2900EC6B5D1B583BE98A3A7 /* NativeRenderer */ = {
			isa = PBXGroup;
			children = (
				75ED61A593D761BAA481CC3C /* ContentBlockView.swift */,
				4B5919EF45F463957B64A89A /* GoToLineOverlay.swift */,
				4AB5636F94F4A1906E62F568 /* GutterView.swift */,
				859C467D2920C34EAA1E2D52 /* MarkdownBlock.swift */,
				4BB366CDF5A0A05D22BC097E /* NativeControlView.swift */,
				9D5033B0DFEE9FA045A3DE41 /* NativeDocumentView.swift */,
			);
			path = NativeRenderer;
			sourceTree = "<group>";
		};
		E7D447A576AC90707B54384E /* Resources */ = {
			isa = PBXGroup;
			children = (
				E6C1FBAB4B01432B18DC39AB /* ACKNOWLEDGMENTS.md */,
				7B6BCC5252188EB88279BA7C /* Assets.xcassets */,
				A72700B55F5611A9AC19DEB3 /* Welcome */,
			);
			path = Resources;
			sourceTree = "<group>";
		};
		EBF1AC4AA48491DBB81D52C0 /* Persistence */ = {
			isa = PBXGroup;
			children = (
				7A294619650B588AAAAAB05F /* Bookmark.swift */,
				65D020033697908C47AF12C6 /* ChatSummary.swift */,
				3FA41EFFEF6B2CD1A2380479 /* ChatSummaryRepository.swift */,
				4CB427C2C971E2329AEDE08A /* FileMetadata.swift */,
				DE3156F3B44B796A50CE6E86 /* FileMetadataRepository.swift */,
				E127865B25F512D96EE53163 /* SwiftDataMetadataRepository.swift */,
			);
			path = Persistence;
			sourceTree = "<group>";
		};
		F39E24C18F8C18023038A32E /* Settings */ = {
			isa = PBXGroup;
			children = (
				252922C4505069106598EE0D /* SettingsRepository.swift */,
			);
			path = Settings;
			sourceTree = "<group>";
		};
		F70D9A20EE59EF883B2661FB /* AIMDReaderTests */ = {
			isa = PBXGroup;
			children = (
				146DE543C58BA2A081646221 /* AppCoordinatorTests.swift */,
				F3261B1CA44B78F70E805A0D /* AppErrorTests.swift */,
				93645B0EF0050C7E13410507 /* AsyncDocumentCoordinationTests.swift */,
				A300DC785AC259093AC0BC7F /* ChatConfigurationTests.swift */,
				14F5BBE08BE9405E790F4490 /* ChatInputValidatorTests.swift */,
				4B6F6BEF14966EA2F7BDE94D /* ChatMessageTests.swift */,
				A6B941E0A21C4AA67313D916 /* ChatServiceTests.swift */,
				DEB7A8090576B156B1AE56DA /* ErrorBannerTests.swift */,
				872D8BEA52B0C1733AEB87ED /* FileLoadTriggerTests.swift */,
				60EC4647BF22AAA41D51AC64 /* FileMetadataRepositoryTests.swift */,
				59C1F8A33998A1805CF52C21 /* FileWatcherTests.swift */,
				C33E44D2093F4A4DBA5EFC7A /* FolderItemTests.swift */,
				09FA8652D62524559DFB8FEF /* FolderServiceCacheTests.swift */,
				200C662C39542FD6BFFD4DAF /* FolderServiceLoadingTests.swift */,
				3C15774EAB6076619F935729 /* FolderTreeFilterTests.swift */,
				0CFFE9253A9E7353197A04FA /* MarkdownHighlighterTests.swift */,
				3F21550DE85BCDF86287B259 /* NSTextViewDelegateIsolationTests.swift */,
				F50BF4CA95002826A8EDCCC0 /* RecentFoldersManagerTests.swift */,
				B7F4DE06BADA89CCBBECDA09 /* SecurityScopedBookmarkManagerTests.swift */,
				D3785C170BCFA7F12A916ABC /* SettingsRepositoryTests.swift */,
				E9CCD8590E8EDEFCF146FE6E /* SyntaxThemeSettingTests.swift */,
				163B0EA3C4C275628DAB5EFE /* TestHelpers.swift */,
				50CC5BF8230D0A3FF4B33547 /* WelcomeManagerTests.swift */,
			);
			path = AIMDReaderTests;
			sourceTree = "<group>";
		};
/* End PBXGroup section */

/* Begin PBXNativeTarget section */
		5F9B56D0E6C1DBEA945EF0EB /* AIMDReader */ = {
			isa = PBXNativeTarget;
			buildConfigurationList = 8675FC059DECD4E3C6E4FB77 /* Build configuration list for PBXNativeTarget "AIMDReader" */;
			buildPhases = (
				F692BBD1E3E001CFCEF49584 /* Sources */,
				9CDB46BDD1628B8640A10228 /* Resources */,
				F48F66FC4A6277EBDBD79020 /* Frameworks */,
			);
			buildRules = (
			);
			dependencies = (
			);
			name = AIMDReader;
			packageProductDependencies = (
				9428077C8F61970B772022B9 /* aimdRenderer */,
			);
			productName = AIMDReader;
			productReference = 7DEAC2E5FF06D13FFF9D03C3 /* Pixley Markdown.app */;
			productType = "com.apple.product-type.application";
		};
		88722FC0EC3E2932E50BC9D5 /* AIMDReaderTests */ = {
			isa = PBXNativeTarget;
			buildConfigurationList = B66D1F3624064426B6A796B0 /* Build configuration list for PBXNativeTarget "AIMDReaderTests" */;
			buildPhases = (
				C3EB57C07DE66AED78DB2918 /* Sources */,
			);
			buildRules = (
			);
			dependencies = (
			);
			name = AIMDReaderTests;
			packageProductDependencies = (
			);
			productName = AIMDReaderTests;
			productReference = FB63BCD8BAC64F2E8269083E /* AIMDReaderTests.xctest */;
			productType = "com.apple.product-type.bundle.unit-test";
		};
		F2CF3C2F6C50AA26945F1260 /* AIMDReader-iOS */ = {
			isa = PBXNativeTarget;
			buildConfigurationList = 1A614E003DD19A4E47C8B5B9 /* Build configuration list for PBXNativeTarget "AIMDReader-iOS" */;
			buildPhases = (
				8E8550435F82F4E16C3DEC32 /* Sources */,
				70CF532E66B8C43508C961BA /* Resources */,
				61C2A13C91B6995A40E141D0 /* Frameworks */,
			);
			buildRules = (
			);
			dependencies = (
			);
			name = "AIMDReader-iOS";
			packageProductDependencies = (
				6A2853A37D3F0F8DAD6CFCED /* aimdRenderer */,
			);
			productName = "AIMDReader-iOS";
			productReference = C123712E3F8EB27B4E59E0DD /* Pixley Markdown.app */;
			productType = "com.apple.product-type.application";
		};
/* End PBXNativeTarget section */

/* Begin PBXProject section */
		C7F83098449CE93582B0B90A /* Project object */ = {
			isa = PBXProject;
			attributes = {
				BuildIndependentTargetsInParallel = YES;
				LastUpgradeCheck = 1430;
				TargetAttributes = {
					5F9B56D0E6C1DBEA945EF0EB = {
						ProvisioningStyle = Automatic;
					};
					88722FC0EC3E2932E50BC9D5 = {
						DevelopmentTeam = "";
						ProvisioningStyle = Automatic;
					};
					F2CF3C2F6C50AA26945F1260 = {
						ProvisioningStyle = Automatic;
					};
				};
			};
			buildConfigurationList = 7916ADC84815D67206F0673D /* Build configuration list for PBXProject "AIMDReader" */;
			compatibilityVersion = "Xcode 14.0";
			developmentRegion = en;
			hasScannedForEncodings = 0;
			knownRegions = (
				Base,
				en,
			);
			mainGroup = 84C04BE51504F053C21C73E2;
			minimizedProjectReferenceProxies = 1;
			packageReferences = (
				B9CF57FA70669564CC7B6089 /* XCLocalSwiftPackageReference "Packages/aimdRenderer" */,
			);
			projectDirPath = "";
			projectRoot = "";
			targets = (
				5F9B56D0E6C1DBEA945EF0EB /* AIMDReader */,
				F2CF3C2F6C50AA26945F1260 /* AIMDReader-iOS */,
				88722FC0EC3E2932E50BC9D5 /* AIMDReaderTests */,
			);
		};
/* End PBXProject section */

/* Begin PBXResourcesBuildPhase section */
		70CF532E66B8C43508C961BA /* Resources */ = {
			isa = PBXResourcesBuildPhase;
			buildActionMask = 2147483647;
			files = (
				2E89892698A42DD349CC6E5B /* ACKNOWLEDGMENTS.md in Resources */,
				5EEA1F524D42FA047558CA3A /* Assets.xcassets in Resources */,
				749C74C94283F15008806B34 /* Welcome in Resources */,
			);
			runOnlyForDeploymentPostprocessing = 0;
		};
		9CDB46BDD1628B8640A10228 /* Resources */ = {
			isa = PBXResourcesBuildPhase;
			buildActionMask = 2147483647;
			files = (
				AED2169653B5B667D912DB46 /* ACKNOWLEDGMENTS.md in Resources */,
				BFD9484897D734404ED58CA7 /* Assets.xcassets in Resources */,
				BC04BAD3F95C917D34BB426D /* Welcome in Resources */,
			);
			runOnlyForDeploymentPostprocessing = 0;
		};
/* End PBXResourcesBuildPhase section */

/* Begin PBXSourcesBuildPhase section */
		8E8550435F82F4E16C3DEC32 /* Sources */ = {
			isa = PBXSourcesBuildPhase;
			buildActionMask = 2147483647;
			files = (
				54679F3E248094BE554E5C2A /* AIMDReaderApp.swift in Sources */,
				F619E94A236299C03C36F9A0 /* AppCoordinator.swift in Sources */,
				68E5C6EF670D413DC498772A /* AppError.swift in Sources */,
				6941285E765445B15C8E7E56 /* Bookmark.swift in Sources */,
				80E904BE612A944C43F7C630 /* BrowserOpenRequest.swift in Sources */,
				14727620D16FBFC8B5C647EB /* BrowserWindowRoot.swift in Sources */,
				D79ECFFD61F6AFAE099DC9BE /* ChatConfiguration.swift in Sources */,
				5E8F147A74554FC7638B7797 /* ChatInputValidator.swift in Sources */,
				B40E4C53EB84216EA01A8E1E /* ChatMessage.swift in Sources */,
				F67E98DAA62AF667ECA50C8D /* ChatService.swift in Sources */,
				728770015F1A3D28231C27A4 /* ChatSummary.swift in Sources */,
				525264861A9912EC8485A9FA /* ChatSummaryRepository.swift in Sources */,
				39C8B2A377036E941AF5F606 /* ChatToolbarButton.swift in Sources */,
				539C1232C23D20BB00A4A720 /* ChatTools.swift in Sources */,
				D6699406A9E618E1131FE8CF /* ChatView.swift in Sources */,
				BB4EB908BFB0229BC16BC6A7 /* CloudStatusBadge.swift in Sources */,
				FDE9B468A3E84E82FB298657 /* ConflictBanner.swift in Sources */,
				69A2BC26E5F18FBA8FCB8A57 /* ConflictResolver.swift in Sources */,
				4A73D45553050ECAC95EE82B /* ContentBlockView.swift in Sources */,
				F1EE1EFFD29DF2E703221B78 /* ContentView.swift in Sources */,
				C30393C0FB451D3BB06841EA /* CoordinatedFileAccess.swift in Sources */,
				4F4E052D0DC9E08CD21759BB /* CoordinatorRegistry.swift in Sources */,
				0F1C4D04AB5A1046DAF29A40 /* ErrorBanner.swift in Sources */,
				6BA0AFFDC6FDE99A4612C99D /* FileMetadata.swift in Sources */,
				413416CE254877428C4E0CAF /* FileMetadataRepository.swift in Sources */,
				71E093EED3C628D66AF0DD26 /* FileWatcher.swift in Sources */,
				35E234466CF0ECAD469E243E /* FolderItem.swift in Sources */,
				385966783D9FFBA74E652751 /* FolderService.swift in Sources */,
				C657368992F75311E683529E /* FolderTreeFilter.swift in Sources */,
				8316EEDAE5B450C0B463D3EE /* GoToLineOverlay.swift in Sources */,
				963AB808B3956A1228C4D65D /* GutterView.swift in Sources */,
				81CF29D63ED691F57F4325AE /* InteractionHandler.swift in Sources */,
				0FEE8D10A0AF6AAFDA96AE70 /* InteractiveSheets.swift in Sources */,
				E5A2E3ED1896F257F5AC5A84 /* MarkdownBlock.swift in Sources */,
				AB9AC0D74A5C7E661AE98345 /* MarkdownConfig.swift in Sources */,
				5AD1CF873BF9875C1FE82438 /* MarkdownView.swift in Sources */,
				138EEF3A322A4B697E0B9B81 /* NativeControlView.swift in Sources */,
				FAAD8D51D4FA75202BB1A048 /* NativeDocumentView.swift in Sources */,
				4E642DD6D89F044023B16D42 /* Prompts.swift in Sources */,
				4DA8626140BB9FF1D10CE49A /* QuickSwitcher.swift in Sources */,
				814397547F57BFCADCE6F2C7 /* RecentFoldersManager.swift in Sources */,
				3A318A0B70B7D58F3321CFF5 /* SectionResolver.swift in Sources */,
				5BA9DF83D09F97E29B225BA3 /* SecurityScopedBookmarkManager.swift in Sources */,
				574857AA2B9A1D00D2C562DC /* SelfDescribingElement.swift in Sources */,
				68BF9160604CC1DC67C9404F /* SettingsRepository.swift in Sources */,
				804CCF34A212E4A6BB7BC577 /* SettingsView.swift in Sources */,
				00B40F12641EE987B706BF63 /* StartView.swift in Sources */,
				6587126CABA5AD583872F9E8 /* SwiftDataMetadataRepository.swift in Sources */,
				1E6D0BA08EEC1D429E7C06FB /* TranscriptCondenser.swift in Sources */,
				0D532C5F96E9B29ADEEEB8D0 /* WelcomeManager.swift in Sources */,
				4CF21C08DF93E1E671C06AED /* WindowRouter.swift in Sources */,
				943A378535AA5855F7927B87 /* iOSRootView.swift in Sources */,
				E26E68B7CDCEDC006E6C7792 /* iOSSidebarView.swift in Sources */,
			);
			runOnlyForDeploymentPostprocessing = 0;
		};
		C3EB57C07DE66AED78DB2918 /* Sources */ = {
			isa = PBXSourcesBuildPhase;
			buildActionMask = 2147483647;
			files = (
				6401CC6A119F2B4DB6BB0117 /* AppCoordinatorTests.swift in Sources */,
				3AFFE8FA7BD5C3AEAAE4DC11 /* AppErrorTests.swift in Sources */,
				D6F31CC121307CEE2BAF369F /* AsyncDocumentCoordinationTests.swift in Sources */,
				18FEB839CF2649D61319C8BD /* ChatConfigurationTests.swift in Sources */,
				06EB17BADC52E5813A0F885A /* ChatInputValidatorTests.swift in Sources */,
				F8FCCF511D28D7CF5895CA36 /* ChatMessageTests.swift in Sources */,
				2810436BAFA42D385D591A66 /* ChatServiceTests.swift in Sources */,
				FB35442B6769B3E745CFDAE4 /* ErrorBannerTests.swift in Sources */,
				47010666C1D50C8C45BE9640 /* FileLoadTriggerTests.swift in Sources */,
				B8C77233597769F4EF430179 /* FileMetadataRepositoryTests.swift in Sources */,
				5FCF2BF2A4C8281FF09C05DB /* FileWatcherTests.swift in Sources */,
				250260DF2BCDEC40201E3344 /* FolderItemTests.swift in Sources */,
				D53618E50E3DEFDB3179A69F /* FolderServiceCacheTests.swift in Sources */,
				62B5FFE154F5ADA35608DCE9 /* FolderServiceLoadingTests.swift in Sources */,
				6913DD49075D46FF9FE9E5F0 /* FolderTreeFilterTests.swift in Sources */,
				973B45F128646663AEADAA0A /* MarkdownHighlighterTests.swift in Sources */,
				CCB4D2D9B3C5C2FEA8050568 /* NSTextViewDelegateIsolationTests.swift in Sources */,
				381C73A2A770EC35A6610326 /* RecentFoldersManagerTests.swift in Sources */,
				20D3D95ECB8F71F304988033 /* SecurityScopedBookmarkManagerTests.swift in Sources */,
				924C2627CFE61B5C4397B750 /* SettingsRepositoryTests.swift in Sources */,
				F18E74EA9365CCC7B955CB3E /* SyntaxThemeSettingTests.swift in Sources */,
				6BD77A0C67B1AECB30C25337 /* TestHelpers.swift in Sources */,
				B4FD475316F7060119FE549D /* WelcomeManagerTests.swift in Sources */,
			);
			runOnlyForDeploymentPostprocessing = 0;
		};
		F692BBD1E3E001CFCEF49584 /* Sources */ = {
			isa = PBXSourcesBuildPhase;
			buildActionMask = 2147483647;
			files = (
				2DAB0CC9F23382160B22A2A9 /* AIMDReaderApp.swift in Sources */,
				45B53AED3AEAC66A7A0116C4 /* AppCoordinator.swift in Sources */,
				0ABD92E59DF07334C5E9901D /* AppError.swift in Sources */,
				764D99B58FE2A8F1FD64C6AB /* Bookmark.swift in Sources */,
				0D99A0719243D20B0FB757A7 /* BrowserOpenRequest.swift in Sources */,
				5233DF9BEF0D6E01EFCE46F5 /* BrowserWindowRoot.swift in Sources */,
				F4A57D8982AD51C396510A82 /* ChatConfiguration.swift in Sources */,
				4BF9A7A0BA3655C2545D9F3B /* ChatInputValidator.swift in Sources */,
				D47A0A586796F9B86D732BFB /* ChatMessage.swift in Sources */,
				C0F9DA259FD606DD4F891090 /* ChatService.swift in Sources */,
				A571FD88201A22F487088385 /* ChatSummary.swift in Sources */,
				32C74908426DC2A7C4DFB553 /* ChatSummaryRepository.swift in Sources */,
				BE0780EA15B5CA5504E5D9AA /* ChatToolbarButton.swift in Sources */,
				C5E6803401414C443702C6AC /* ChatTools.swift in Sources */,
				DA51DA0EE6E4AA31FA78462D /* ChatView.swift in Sources */,
				1DD4D283BD30530373CF2C76 /* CloudStatusBadge.swift in Sources */,
				FE27380BE1EF46126A2C8E61 /* ConflictBanner.swift in Sources */,
				CC6A13DB62C3F31BBCDCACD9 /* ConflictResolver.swift in Sources */,
				5B356E557AD91A53CEBEE19B /* ContentBlockView.swift in Sources */,
				C7CF651077E69C6ABF23868B /* ContentView.swift in Sources */,
				89A2FA2AE94B415086142152 /* CoordinatedFileAccess.swift in Sources */,
				30D8E7A724ECFDE90A355184 /* CoordinatorRegistry.swift in Sources */,
				DF2644809B674011702FD2C7 /* ErrorBanner.swift in Sources */,
				4FF14DC875CAB3986FAF852B /* FileMetadata.swift in Sources */,
				18F202BA199A8D7D3942A919 /* FileMetadataRepository.swift in Sources */,
				BB174584FE104D70D385E20E /* FileWatcher.swift in Sources */,
				9B61A17A180E5068795FFF4D /* FolderItem.swift in Sources */,
				9706C359F15E7A8E0DFBE3E6 /* FolderService.swift in Sources */,
				3D2AD8297895A7DE8FE9F242 /* FolderTreeFilter.swift in Sources */,
				E5E300FEB131BE8C39834293 /* FolderWatcher.swift in Sources */,
				BB529B9D1836EF0EABFAA26C /* GoToLineOverlay.swift in Sources */,
				5071504F32ED8AC59D11CC53 /* GutterOverlayView.swift in Sources */,
				E14EC177606005F83A46DE9C /* GutterView.swift in Sources */,
				D8A80879E81D4208F043DD72 /* InteractionHandler.swift in Sources */,
				F41C18C43FB9A0DCCD4ECEC2 /* InteractiveAnnotator.swift in Sources */,
				3D5283B99383C6453797F8B0 /* InteractiveSheets.swift in Sources */,
				8C0B20D7D4D27728EDDC2860 /* LineNumberRulerView.swift in Sources */,
				323E89C0CE2EFEAB58CFB31A /* MarkdownBlock.swift in Sources */,
				88C62C51C18F47B8CDB1C141 /* MarkdownConfig.swift in Sources */,
				F1735D44AA4881A7EBD8B737 /* MarkdownEditor.swift in Sources */,
				611AB3541FAC22A7CE991F51 /* MarkdownEditorCoordinator.swift in Sources */,
				C3B2AF15A1897838583348F2 /* MarkdownHighlighter.swift in Sources */,
				CEE04B903C759976A1DA6351 /* MarkdownTextViewNavigation.swift in Sources */,
				66750A088DA1526EF772D74F /* MarkdownTextViewPopovers.swift in Sources */,
				BEEFBEB46ACBF94B9377CCC3 /* MarkdownView.swift in Sources */,
				695291D2339662D35551874B /* NativeControlView.swift in Sources */,
				F5F2FF43DB89B65C43589708 /* NativeDocumentView.swift in Sources */,
				331A6A9490B0445164AB5E73 /* OutlineFileList.swift in Sources */,
				BF44B15895467314278C594F /* PopoverControllers.swift in Sources */,
				73A5527A457EE9AF3C07CF05 /* Prompts.swift in Sources */,
				43CDFF554DF839BB7391A61E /* QuickSwitcher.swift in Sources */,
				DC66F69416DB06DAB5CFE2B2 /* RecentFoldersManager.swift in Sources */,
				0BEA5CA3C28DF79C38788886 /* SectionResolver.swift in Sources */,
				B38F2D5327EDE837D4695F8D /* SecurityScopedBookmarkManager.swift in Sources */,
				B473B7448C92F68579071D23 /* SelfDescribingElement.swift in Sources */,
				16B47F39F1BDFEAEFE2147A1 /* SettingsRepository.swift in Sources */,
				C929A72A1E02F19A072C8458 /* SettingsView.swift in Sources */,
				7233BE4AB7B72D86D0DE7D6F /* StartView.swift in Sources */,
				F24EE8CB2083D2E2F5FB8794 /* SwiftDataMetadataRepository.swift in Sources */,
				C6C584481495ADECC4470660 /* TranscriptCondenser.swift in Sources */,
				F13DF6DBB6CA4C7DA407EBA9 /* WelcomeManager.swift in Sources */,
				004FF0BAA29C0FF933E7A86B /* WindowRouter.swift in Sources */,
				9C9C5AEED045A03781810B73 /* iOSRootView.swift in Sources */,
				B1ACE33D74D535E3295A4EF2 /* iOSSidebarView.swift in Sources */,
			);
			runOnlyForDeploymentPostprocessing = 0;
		};
/* End PBXSourcesBuildPhase section */

/* Begin XCBuildConfiguration section */
		1976E365729D6D9BC090B399 /* Debug */ = {
			isa = XCBuildConfiguration;
			buildSettings = {
				BUNDLE_LOADER = "";
				COMBINE_HIDPI_IMAGES = YES;
				GENERATE_INFOPLIST_FILE = YES;
				LD_RUNPATH_SEARCH_PATHS = (
					"$(inherited)",
					"@executable_path/../Frameworks",
					"@loader_path/../Frameworks",
				);
				PRODUCT_BUNDLE_IDENTIFIER = com.aimd.AIMDReaderTests;
				SDKROOT = macosx;
				TEST_HOST = "";
			};
			name = Debug;
		};
		5278B9530BDE83A8D2E2193F /* Release */ = {
			isa = XCBuildConfiguration;
			buildSettings = {
				ALWAYS_SEARCH_USER_PATHS = NO;
				CLANG_ANALYZER_NONNULL = YES;
				CLANG_ANALYZER_NUMBER_OBJECT_CONVERSION = YES_AGGRESSIVE;
				CLANG_CXX_LANGUAGE_STANDARD = "gnu++14";
				CLANG_CXX_LIBRARY = "libc++";
				CLANG_ENABLE_MODULES = YES;
				CLANG_ENABLE_OBJC_ARC = YES;
				CLANG_ENABLE_OBJC_WEAK = YES;
				CLANG_WARN_BLOCK_CAPTURE_AUTORELEASING = YES;
				CLANG_WARN_BOOL_CONVERSION = YES;
				CLANG_WARN_COMMA = YES;
				CLANG_WARN_CONSTANT_CONVERSION = YES;
				CLANG_WARN_DEPRECATED_OBJC_IMPLEMENTATIONS = YES;
				CLANG_WARN_DIRECT_OBJC_ISA_USAGE = YES_ERROR;
				CLANG_WARN_DOCUMENTATION_COMMENTS = YES;
				CLANG_WARN_EMPTY_BODY = YES;
				CLANG_WARN_ENUM_CONVERSION = YES;
				CLANG_WARN_INFINITE_RECURSION = YES;
				CLANG_WARN_INT_CONVERSION = YES;
				CLANG_WARN_NON_LITERAL_NULL_CONVERSION = YES;
				CLANG_WARN_OBJC_IMPLICIT_RETAIN_SELF = YES;
				CLANG_WARN_OBJC_LITERAL_CONVERSION = YES;
				CLANG_WARN_OBJC_ROOT_CLASS = YES_ERROR;
				CLANG_WARN_QUOTED_INCLUDE_IN_FRAMEWORK_HEADER = YES;
				CLANG_WARN_RANGE_LOOP_ANALYSIS = YES;
				CLANG_WARN_STRICT_PROTOTYPES = YES;
				CLANG_WARN_SUSPICIOUS_MOVE = YES;
				CLANG_WARN_UNGUARDED_AVAILABILITY = YES_AGGRESSIVE;
				CLANG_WARN_UNREACHABLE_CODE = YES;
				CLANG_WARN__DUPLICATE_METHOD_MATCH = YES;
				CODE_SIGN_STYLE = Automatic;
				COPY_PHASE_STRIP = NO;
				CURRENT_PROJECT_VERSION = 6;
				DEBUG_INFORMATION_FORMAT = "dwarf-with-dsym";
				DEVELOPMENT_TEAM = "";
				ENABLE_NS_ASSERTIONS = NO;
				ENABLE_STRICT_OBJC_MSGSEND = YES;
				GCC_C_LANGUAGE_STANDARD = gnu11;
				GCC_NO_COMMON_BLOCKS = YES;
				GCC_WARN_64_TO_32_BIT_CONVERSION = YES;
				GCC_WARN_ABOUT_RETURN_TYPE = YES_ERROR;
				GCC_WARN_UNDECLARED_SELECTOR = YES;
				GCC_WARN_UNINITIALIZED_AUTOS = YES_AGGRESSIVE;
				GCC_WARN_UNUSED_FUNCTION = YES;
				GCC_WARN_UNUSED_VARIABLE = YES;
				IPHONEOS_DEPLOYMENT_TARGET = 26.0;
				MACOSX_DEPLOYMENT_TARGET = 15.0;
				MARKETING_VERSION = 3.0;
				MTL_ENABLE_DEBUG_INFO = NO;
				MTL_FAST_MATH = YES;
				PRODUCT_NAME = "$(TARGET_NAME)";
				SWIFT_COMPILATION_MODE = wholemodule;
				SWIFT_OPTIMIZATION_LEVEL = "-O";
				SWIFT_VERSION = 6.0;
			};
			name = Release;
		};
		54C2083CF1C80793AC436A07 /* Release */ = {
			isa = XCBuildConfiguration;
			buildSettings = {
				ARCHS = (
					arm64,
					x86_64,
				);
				ASSETCATALOG_COMPILER_APPICON_NAME = AppIcon;
				CODE_SIGN_ENTITLEMENTS = Resources/AIMDReader.entitlements;
				COMBINE_HIDPI_IMAGES = YES;
				DEVELOPMENT_TEAM = JN6FKBBBYQ;
				ENABLE_HARDENED_RUNTIME = YES;
				ENABLE_PREVIEWS = YES;
				INFOPLIST_FILE = Resources/Info.plist;
				LD_RUNPATH_SEARCH_PATHS = (
					"$(inherited)",
					"@executable_path/../Frameworks",
				);
				MACOSX_DEPLOYMENT_TARGET = 15.0;
				ONLY_ACTIVE_ARCH = NO;
				PRODUCT_BUNDLE_IDENTIFIER = com.aimd.reader;
				PRODUCT_NAME = "Pixley Markdown";
				SDKROOT = macosx;
			};
			name = Release;
		};
		9173AC131211C17A15CABC3B /* Release */ = {
			isa = XCBuildConfiguration;
			buildSettings = {
				BUNDLE_LOADER = "";
				COMBINE_HIDPI_IMAGES = YES;
				GENERATE_INFOPLIST_FILE = YES;
				LD_RUNPATH_SEARCH_PATHS = (
					"$(inherited)",
					"@executable_path/../Frameworks",
					"@loader_path/../Frameworks",
				);
				PRODUCT_BUNDLE_IDENTIFIER = com.aimd.AIMDReaderTests;
				SDKROOT = macosx;
				TEST_HOST = "";
			};
			name = Release;
		};
		9CDA01490534F6D9BC9A6282 /* Debug */ = {
			isa = XCBuildConfiguration;
			buildSettings = {
				ALWAYS_SEARCH_USER_PATHS = NO;
				CLANG_ANALYZER_NONNULL = YES;
				CLANG_ANALYZER_NUMBER_OBJECT_CONVERSION = YES_AGGRESSIVE;
				CLANG_CXX_LANGUAGE_STANDARD = "gnu++14";
				CLANG_CXX_LIBRARY = "libc++";
				CLANG_ENABLE_MODULES = YES;
				CLANG_ENABLE_OBJC_ARC = YES;
				CLANG_ENABLE_OBJC_WEAK = YES;
				CLANG_WARN_BLOCK_CAPTURE_AUTORELEASING = YES;
				CLANG_WARN_BOOL_CONVERSION = YES;
				CLANG_WARN_COMMA = YES;
				CLANG_WARN_CONSTANT_CONVERSION = YES;
				CLANG_WARN_DEPRECATED_OBJC_IMPLEMENTATIONS = YES;
				CLANG_WARN_DIRECT_OBJC_ISA_USAGE = YES_ERROR;
				CLANG_WARN_DOCUMENTATION_COMMENTS = YES;
				CLANG_WARN_EMPTY_BODY = YES;
				CLANG_WARN_ENUM_CONVERSION = YES;
				CLANG_WARN_INFINITE_RECURSION = YES;
				CLANG_WARN_INT_CONVERSION = YES;
				CLANG_WARN_NON_LITERAL_NULL_CONVERSION = YES;
				CLANG_WARN_OBJC_IMPLICIT_RETAIN_SELF = YES;
				CLANG_WARN_OBJC_LITERAL_CONVERSION = YES;
				CLANG_WARN_OBJC_ROOT_CLASS = YES_ERROR;
				CLANG_WARN_QUOTED_INCLUDE_IN_FRAMEWORK_HEADER = YES;
				CLANG_WARN_RANGE_LOOP_ANALYSIS = YES;
				CLANG_WARN_STRICT_PROTOTYPES = YES;
				CLANG_WARN_SUSPICIOUS_MOVE = YES;
				CLANG_WARN_UNGUARDED_AVAILABILITY = YES_AGGRESSIVE;
				CLANG_WARN_UNREACHABLE_CODE = YES;
				CLANG_WARN__DUPLICATE_METHOD_MATCH = YES;
				CODE_SIGN_STYLE = Automatic;
				COPY_PHASE_STRIP = NO;
				CURRENT_PROJECT_VERSION = 6;
				DEBUG_INFORMATION_FORMAT = dwarf;
				DEVELOPMENT_TEAM = "";
				ENABLE_STRICT_OBJC_MSGSEND = YES;
				ENABLE_TESTABILITY = YES;
				GCC_C_LANGUAGE_STANDARD = gnu11;
				GCC_DYNAMIC_NO_PIC = NO;
				GCC_NO_COMMON_BLOCKS = YES;
				GCC_OPTIMIZATION_LEVEL = 0;
				GCC_PREPROCESSOR_DEFINITIONS = (
					"$(inherited)",
					"DEBUG=1",
				);
				GCC_WARN_64_TO_32_BIT_CONVERSION = YES;
				GCC_WARN_ABOUT_RETURN_TYPE = YES_ERROR;
				GCC_WARN_UNDECLARED_SELECTOR = YES;
				GCC_WARN_UNINITIALIZED_AUTOS = YES_AGGRESSIVE;
				GCC_WARN_UNUSED_FUNCTION = YES;
				GCC_WARN_UNUSED_VARIABLE = YES;
				IPHONEOS_DEPLOYMENT_TARGET = 26.0;
				MACOSX_DEPLOYMENT_TARGET = 15.0;
				MARKETING_VERSION = 3.0;
				MTL_ENABLE_DEBUG_INFO = INCLUDE_SOURCE;
				MTL_FAST_MATH = YES;
				ONLY_ACTIVE_ARCH = YES;
				PRODUCT_NAME = "$(TARGET_NAME)";
				SWIFT_ACTIVE_COMPILATION_CONDITIONS = DEBUG;
				SWIFT_OPTIMIZATION_LEVEL = "-Onone";
				SWIFT_VERSION = 6.0;
			};
			name = Debug;
		};
		C745D6CF3F5A4709DE4066AC /* Release */ = {
			isa = XCBuildConfiguration;
			buildSettings = {
				ASSETCATALOG_COMPILER_APPICON_NAME = AppIcon;
				CODE_SIGN_ENTITLEMENTS = "Resources/AIMDReader-iOS.entitlements";
				CODE_SIGN_IDENTITY = "iPhone Developer";
				DEVELOPMENT_TEAM = JN6FKBBBYQ;
				ENABLE_PREVIEWS = YES;
				INFOPLIST_FILE = "Resources/Info-iOS.plist";
				IPHONEOS_DEPLOYMENT_TARGET = 26.0;
				LD_RUNPATH_SEARCH_PATHS = (
					"$(inherited)",
					"@executable_path/Frameworks",
				);
				PRODUCT_BUNDLE_IDENTIFIER = com.aimd.reader.ios;
				PRODUCT_NAME = "Pixley Markdown";
				SDKROOT = iphoneos;
				SUPPORTS_MAC_DESIGNED_FOR_IPHONE_IPAD = NO;
				TARGETED_DEVICE_FAMILY = "1,2";
			};
			name = Release;
		};
		CB454562E1B26A0A087F61B4 /* Debug */ = {
			isa = XCBuildConfiguration;
			buildSettings = {
				ARCHS = arm64;
				ASSETCATALOG_COMPILER_APPICON_NAME = AppIcon;
				CODE_SIGN_ENTITLEMENTS = Resources/AIMDReader.entitlements;
				COMBINE_HIDPI_IMAGES = YES;
				DEVELOPMENT_TEAM = JN6FKBBBYQ;
				ENABLE_HARDENED_RUNTIME = YES;
				ENABLE_PREVIEWS = YES;
				INFOPLIST_FILE = Resources/Info.plist;
				LD_RUNPATH_SEARCH_PATHS = (
					"$(inherited)",
					"@executable_path/../Frameworks",
				);
				MACOSX_DEPLOYMENT_TARGET = 15.0;
				ONLY_ACTIVE_ARCH = YES;
				PRODUCT_BUNDLE_IDENTIFIER = com.aimd.reader;
				PRODUCT_NAME = "Pixley Markdown";
				SDKROOT = macosx;
			};
			name = Debug;
		};
		D4D0A212584FA32FA8132205 /* Debug */ = {
			isa = XCBuildConfiguration;
			buildSettings = {
				ASSETCATALOG_COMPILER_APPICON_NAME = AppIcon;
				CODE_SIGN_ENTITLEMENTS = "Resources/AIMDReader-iOS.entitlements";
				CODE_SIGN_IDENTITY = "iPhone Developer";
				DEVELOPMENT_TEAM = JN6FKBBBYQ;
				ENABLE_PREVIEWS = YES;
				INFOPLIST_FILE = "Resources/Info-iOS.plist";
				IPHONEOS_DEPLOYMENT_TARGET = 26.0;
				LD_RUNPATH_SEARCH_PATHS = (
					"$(inherited)",
					"@executable_path/Frameworks",
				);
				PRODUCT_BUNDLE_IDENTIFIER = com.aimd.reader.ios;
				PRODUCT_NAME = "Pixley Markdown";
				SDKROOT = iphoneos;
				SUPPORTS_MAC_DESIGNED_FOR_IPHONE_IPAD = NO;
				TARGETED_DEVICE_FAMILY = "1,2";
			};
			name = Debug;
		};
/* End XCBuildConfiguration section */

/* Begin XCConfigurationList section */
		1A614E003DD19A4E47C8B5B9 /* Build configuration list for PBXNativeTarget "AIMDReader-iOS" */ = {
			isa = XCConfigurationList;
			buildConfigurations = (
				D4D0A212584FA32FA8132205 /* Debug */,
				C745D6CF3F5A4709DE4066AC /* Release */,
			);
			defaultConfigurationIsVisible = 0;
			defaultConfigurationName = Debug;
		};
		7916ADC84815D67206F0673D /* Build configuration list for PBXProject "AIMDReader" */ = {
			isa = XCConfigurationList;
			buildConfigurations = (
				9CDA01490534F6D9BC9A6282 /* Debug */,
				5278B9530BDE83A8D2E2193F /* Release */,
			);
			defaultConfigurationIsVisible = 0;
			defaultConfigurationName = Debug;
		};
		8675FC059DECD4E3C6E4FB77 /* Build configuration list for PBXNativeTarget "AIMDReader" */ = {
			isa = XCConfigurationList;
			buildConfigurations = (
				CB454562E1B26A0A087F61B4 /* Debug */,
				54C2083CF1C80793AC436A07 /* Release */,
			);
			defaultConfigurationIsVisible = 0;
			defaultConfigurationName = Debug;
		};
		B66D1F3624064426B6A796B0 /* Build configuration list for PBXNativeTarget "AIMDReaderTests" */ = {
			isa = XCConfigurationList;
			buildConfigurations = (
				1976E365729D6D9BC090B399 /* Debug */,
				9173AC131211C17A15CABC3B /* Release */,
			);
			defaultConfigurationIsVisible = 0;
			defaultConfigurationName = Debug;
		};
/* End XCConfigurationList section */

/* Begin XCLocalSwiftPackageReference section */
		B9CF57FA70669564CC7B6089 /* XCLocalSwiftPackageReference "Packages/aimdRenderer" */ = {
			isa = XCLocalSwiftPackageReference;
			relativePath = Packages/aimdRenderer;
		};
/* End XCLocalSwiftPackageReference section */

/* Begin XCSwiftPackageProductDependency section */
		6A2853A37D3F0F8DAD6CFCED /* aimdRenderer */ = {
			isa = XCSwiftPackageProductDependency;
			productName = aimdRenderer;
		};
		9428077C8F61970B772022B9 /* aimdRenderer */ = {
			isa = XCSwiftPackageProductDependency;
			productName = aimdRenderer;
		};
/* End XCSwiftPackageProductDependency section */
	};
	rootObject = C7F83098449CE93582B0B90A /* Project object */;
}
